
Microsoft Visual Studio Solution File, Format Version 12.00
# Visual Studio Version 17
VisualStudioVersion = 17.0.31903.59
MinimumVisualStudioVersion = 10.0.40219.1
Project("{2150E333-8FDC-42A3-9474-1A3956D46DE8}") = "tests", "tests", "{0AB3BF05-4346-4AA6-1389-037BE0695223}"
EndProject
Project("{FAE04EC0-301F-11D3-BF4B-00C04F79EFBC}") = "ShopSphere.Tests", "tests\ShopSphere.Tests\ShopSphere.Tests.csproj", "{9D07BD86-CA68-417D-92F7-66095E529AA6}"
EndProject
Project("{2150E333-8FDC-42A3-9474-1A3956D46DE8}") = "src", "src", "{827E0CD3-B72D-47B6-A68D-7590B98EB39B}"
EndProject
Project("{2150E333-8FDC-42A3-9474-1A3956D46DE8}") = "Services", "Services", "{984BB9B3-3FA3-BE33-9484-CAC21695A33C}"
EndProject
Project("{2150E333-8FDC-42A3-9474-1A3956D46DE8}") = "Ordering", "Ordering", "{D3BAB01C-7F3F-8576-96BE-8BE70C9B9915}"
EndProject
Project("{FAE04EC0-301F-11D3-BF4B-00C04F79EFBC}") = "ShopSphere.Ordering.Domain", "src\Services\Ordering\ShopSphere.Ordering.Domain\ShopSphere.Ordering.Domain.csproj", "{09B35DC1-E25C-4ECB-BA15-3097408FB278}"
EndProject
Project("{2150E333-8FDC-42A3-9474-1A3956D46DE8}") = "BuildingBlocks", "BuildingBlocks", "{90298CBA-BD6F-3A0A-69D5-97CAD7B05E7E}"
EndProject
Project("{FAE04EC0-301F-11D3-BF4B-00C04F79EFBC}") = "ShopSphere.SharedKernel", "src\BuildingBlocks\ShopSphere.SharedKernel\ShopSphere.SharedKernel.csproj", "{AC2A2CB4-CC32-4044-9334-4E7BBFB20980}"
EndProject
Project("{2150E333-8FDC-42A3-9474-1A3956D46DE8}") = "Inventory", "Inventory", "{CA15E31E-CB60-F235-5CDF-2E527A86A72C}"
EndProject
Project("{FAE04EC0-301F-11D3-BF4B-00C04F79EFBC}") = "ShopSphere.Inventory.Domain", "src\Services\Inventory\ShopSphere.Inventory.Domain\ShopSphere.Inventory.Domain.csproj", "{5625D106-8B75-461D-B353-B9947866284D}"
EndProject
Project("{2150E333-8FDC-42A3-9474-1A3956D46DE8}") = "Payment", "Payment", "{3FB03296-F262-2760-9861-73C41AF3766C}"
EndProject
Project("{FAE04EC0-301F-11D3-BF4B-00C04F79EFBC}") = "ShopSphere.Payment.Domain", "src\Services\Payment\ShopSphere.Payment.Domain\ShopSphere.Payment.Domain.csproj", "{F21699B8-E940-424F-978D-6953D24C05F7}"
EndProject
Project("{2150E333-8FDC-42A3-9474-1A3956D46DE8}") = "Workers", "Workers", "{FE5F7021-A3C9-35C7-FF50-8DA81625868E}"
EndProject
Project("{FAE04EC0-301F-11D3-BF4B-00C04F79EFBC}") = "ShopSphere.Notification.Worker", "src\Workers\ShopSphere.Notification.Worker\ShopSphere.Notification.Worker.csproj", "{BC47B394-98B9-47A3-BD27-D6528F568F90}"
EndProject
Project("{FAE04EC0-301F-11D3-BF4B-00C04F79EFBC}") = "ShopSphere.Messaging", "src\BuildingBlocks\ShopSphere.Messaging\ShopSphere.Messaging.csproj", "{3BFC23BE-A177-49A1-B960-A877C41D0174}"
EndProject
Project("{2150E333-8FDC-42A3-9474-1A3956D46DE8}") = "contracts", "contracts", "{A73F2606-6D4C-3EEE-1759-0E59DCFEF523}"
EndProject
Project("{FAE04EC0-301F-11D3-BF4B-00C04F79EFBC}") = "ShopSphere.Contracts", "contracts\ShopSphere.Contracts\ShopSphere.Contracts.csproj", "{02E99D5E-F822-45BA-BB69-4EF0668EB0CA}"
EndProject
Project("{FAE04EC0-301F-11D3-BF4B-00C04F79EFBC}") = "ShopSphere.Payment.Infrastructure", "src\Services\Payment\ShopSphere.Payment.Infrastructure\ShopSphere.Payment.Infrastructure.csproj", "{FFC97B7E-1E1B-4DDC-B854-BA807163C47C}"
EndProject
Project("{FAE04EC0-301F-11D3-BF4B-00C04F79EFBC}") = "ShopSphere.Payment.Application", "src\Services\Payment\ShopSphere.Payment.Application\ShopSphere.Payment.Application.csproj", "{F9BDD6E3-A8B4-4E0D-88EC-9CA676E3FAC6}"
EndProject
Project("{FAE04EC0-301F-11D3-BF4B-00C04F79EFBC}") = "ShopSphere.Inventory.Infrastructure", "src\Services\Inventory\ShopSphere.Inventory.Infrastructure\ShopSphere.Inventory.Infrastructure.csproj", "{61C7E398-D816-4D01-870A-1B38C7F409A6}"
EndProject
Project("{FAE04EC0-301F-11D3-BF4B-00C04F79EFBC}") = "ShopSphere.Inventory.Application", "src\Services\Inventory\ShopSphere.Inventory.Application\ShopSphere.Inventory.Application.csproj", "{AE6C1EE0-EFC4-4F77-98C1-2C7EFC380A0B}"
EndProject
Project("{2150E333-8FDC-42A3-9474-1A3956D46DE8}") = "Gateway", "Gateway", "{6306A8FB-679E-111F-6585-8F70E0EE6013}"
EndProject
Project("{FAE04EC0-301F-11D3-BF4B-00C04F79EFBC}") = "ShopSphere.Gateway", "src\Gateway\ShopSphere.Gateway\ShopSphere.Gateway.csproj", "{381CD177-5961-48C7-97CE-B77D53D95D07}"
EndProject
Project("{2150E333-8FDC-42A3-9474-1A3956D46DE8}") = "Catalog", "Catalog", "{C91C1CF1-1625-0789-F869-53D87D6277BA}"
EndProject
Project("{FAE04EC0-301F-11D3-BF4B-00C04F79EFBC}") = "ShopSphere.Catalog.Infrastructure", "src\Services\Catalog\ShopSphere.Catalog.Infrastructure\ShopSphere.Catalog.Infrastructure.csproj", "{ECA7BB7B-335F-4D45-AABB-47C1C8B326A7}"
EndProject
Project("{FAE04EC0-301F-11D3-BF4B-00C04F79EFBC}") = "ShopSphere.Catalog.Application", "src\Services\Catalog\ShopSphere.Catalog.Application\ShopSphere.Catalog.Application.csproj", "{1E41F597-014D-404C-89BE-2FCA292A48A6}"
EndProject
Project("{FAE04EC0-301F-11D3-BF4B-00C04F79EFBC}") = "ShopSphere.Catalog.Domain", "src\Services\Catalog\ShopSphere.Catalog.Domain\ShopSphere.Catalog.Domain.csproj", "{C34A1011-6C3A-4ACA-9DA8-2F9EF2CE0416}"
EndProject
Project("{FAE04EC0-301F-11D3-BF4B-00C04F79EFBC}") = "ShopSphere.Payment.Api", "src\Services\Payment\ShopSphere.Payment.Api\ShopSphere.Payment.Api.csproj", "{EEE06DF9-F7FF-4E3F-905F-9CFB3B3A234F}"
EndProject
Project("{2150E333-8FDC-42A3-9474-1A3956D46DE8}") = "Basket", "Basket", "{6C0557C3-B1C9-A54D-46F8-F4FBBDE30E30}"
EndProject
Project("{FAE04EC0-301F-11D3-BF4B-00C04F79EFBC}") = "ShopSphere.Basket.Infrastructure", "src\Services\Basket\ShopSphere.Basket.Infrastructure\ShopSphere.Basket.Infrastructure.csproj", "{AB1F1257-4547-443A-BB34-E438A4A4E105}"
EndProject
Project("{FAE04EC0-301F-11D3-BF4B-00C04F79EFBC}") = "ShopSphere.Basket.Application", "src\Services\Basket\ShopSphere.Basket.Application\ShopSphere.Basket.Application.csproj", "{FC81DF23-7380-4E83-B33D-46592928328C}"
EndProject
Project("{FAE04EC0-301F-11D3-BF4B-00C04F79EFBC}") = "ShopSphere.Inventory.Api", "src\Services\Inventory\ShopSphere.Inventory.Api\ShopSphere.Inventory.Api.csproj", "{EC157660-3DD8-45D8-869B-EB37ECC69FB2}"
EndProject
Project("{FAE04EC0-301F-11D3-BF4B-00C04F79EFBC}") = "ShopSphere.Basket.Api", "src\Services\Basket\ShopSphere.Basket.Api\ShopSphere.Basket.Api.csproj", "{AFC2303E-1E34-4C2E-A5EC-2A4BE9DD5083}"
EndProject
Project("{FAE04EC0-301F-11D3-BF4B-00C04F79EFBC}") = "ShopSphere.Catalog.Api", "src\Services\Catalog\ShopSphere.Catalog.Api\ShopSphere.Catalog.Api.csproj", "{A6C4FE5B-DB19-428C-9457-67C7181A3860}"
EndProject
Project("{FAE04EC0-301F-11D3-BF4B-00C04F79EFBC}") = "ShopSphere.Ordering.Api", "src\Services\Ordering\ShopSphere.Ordering.Api\ShopSphere.Ordering.Api.csproj", "{81C902E7-A1E5-4615-8651-C1F955A3C2C4}"
EndProject
Project("{FAE04EC0-301F-11D3-BF4B-00C04F79EFBC}") = "ShopSphere.Ordering.Infrastructure", "src\Services\Ordering\ShopSphere.Ordering.Infrastructure\ShopSphere.Ordering.Infrastructure.csproj", "{AAFB62E6-F2A5-49D6-908D-F116D875319F}"
EndProject
Project("{FAE04EC0-301F-11D3-BF4B-00C04F79EFBC}") = "ShopSphere.Ordering.Application", "src\Services\Ordering\ShopSphere.Ordering.Application\ShopSphere.Ordering.Application.csproj", "{FCC00F55-65C5-47CF-AD5B-5A09319FD8CF}"
EndProject
Global
	GlobalSection(SolutionConfigurationPlatforms) = preSolution
		Debug|Any CPU = Debug|Any CPU
		Debug|x64 = Debug|x64
		Debug|x86 = Debug|x86
		Release|Any CPU = Release|Any CPU
		Release|x64 = Release|x64
		Release|x86 = Release|x86
	EndGlobalSection
	GlobalSection(ProjectConfigurationPlatforms) = postSolution
		{9D07BD86-CA68-417D-92F7-66095E529AA6}.Debug|Any CPU.ActiveCfg = Debug|Any CPU
		{9D07BD86-CA68-417D-92F7-66095E529AA6}.Debug|Any CPU.Build.0 = Debug|Any CPU
		{9D07BD86-CA68-417D-92F7-66095E529AA6}.Debug|x64.ActiveCfg = Debug|Any CPU
		{9D07BD86-CA68-417D-92F7-66095E529AA6}.Debug|x64.Build.0 = Debug|Any CPU
		{9D07BD86-CA68-417D-92F7-66095E529AA6}.Debug|x86.ActiveCfg = Debug|Any CPU
		{9D07BD86-CA68-417D-92F7-66095E529AA6}.Debug|x86.Build.0 = Debug|Any CPU
		{9D07BD86-CA68-417D-92F7-66095E529AA6}.Release|Any CPU.ActiveCfg = Release|Any CPU
		{9D07BD86-CA68-417D-92F7-66095E529AA6}.Release|Any CPU.Build.0 = Release|Any CPU
		{9D07BD86-CA68-417D-92F7-66095E529AA6}.Release|x64.ActiveCfg = Release|Any CPU
		{9D07BD86-CA68-417D-92F7-66095E529AA6}.Release|x64.Build.0 = Release|Any CPU
		{9D07BD86-CA68-417D-92F7-66095E529AA6}.Release|x86.ActiveCfg = Release|Any CPU
		{9D07BD86-CA68-417D-92F7-66095E529AA6}.Release|x86.Build.0 = Release|Any CPU
		{09B35DC1-E25C-4ECB-BA15-3097408FB278}.Debug|Any CPU.ActiveCfg = Debug|Any CPU
		{09B35DC1-E25C-4ECB-BA15-3097408FB278}.Debug|Any CPU.Build.0 = Debug|Any CPU
		{09B35DC1-E25C-4ECB-BA15-3097408FB278}.Debug|x64.ActiveCfg = Debug|Any CPU
		{09B35DC1-E25C-4ECB-BA15-3097408FB278}.Debug|x64.Build.0 = Debug|Any CPU
		{09B35DC1-E25C-4ECB-BA15-3097408FB278}.Debug|x86.ActiveCfg = Debug|Any CPU
		{09B35DC1-E25C-4ECB-BA15-3097408FB278}.Debug|x86.Build.0 = Debug|Any CPU
		{09B35DC1-E25C-4ECB-BA15-3097408FB278}.Release|Any CPU.ActiveCfg = Release|Any CPU
		{09B35DC1-E25C-4ECB-BA15-3097408FB278}.Release|Any CPU.Build.0 = Release|Any CPU
		{09B35DC1-E25C-4ECB-BA15-3097408FB278}.Release|x64.ActiveCfg = Release|Any CPU
		{09B35DC1-E25C-4ECB-BA15-3097408FB278}.Release|x64.Build.0 = Release|Any CPU
		{09B35DC1-E25C-4ECB-BA15-3097408FB278}.Release|x86.ActiveCfg = Release|Any CPU
		{09B35DC1-E25C-4ECB-BA15-3097408FB278}.Release|x86.Build.0 = Release|Any CPU
		{AC2A2CB4-CC32-4044-9334-4E7BBFB20980}.Debug|Any CPU.ActiveCfg = Debug|Any CPU
		{AC2A2CB4-CC32-4044-9334-4E7BBFB20980}.Debug|Any CPU.Build.0 = Debug|Any CPU
		{AC2A2CB4-CC32-4044-9334-4E7BBFB20980}.Debug|x64.ActiveCfg = Debug|Any CPU
		{AC2A2CB4-CC32-4044-9334-4E7BBFB20980}.Debug|x64.Build.0 = Debug|Any CPU
		{AC2A2CB4-CC32-4044-9334-4E7BBFB20980}.Debug|x86.ActiveCfg = Debug|Any CPU
		{AC2A2CB4-CC32-4044-9334-4E7BBFB20980}.Debug|x86.Build.0 = Debug|Any CPU
		{AC2A2CB4-CC32-4044-9334-4E7BBFB20980}.Release|Any CPU.ActiveCfg = Release|Any CPU
		{AC2A2CB4-CC32-4044-9334-4E7BBFB20980}.Release|Any CPU.Build.0 = Release|Any CPU
		{AC2A2CB4-CC32-4044-9334-4E7BBFB20980}.Release|x64.ActiveCfg = Release|Any CPU
		{AC2A2CB4-CC32-4044-9334-4E7BBFB20980}.Release|x64.Build.0 = Release|Any CPU
		{AC2A2CB4-CC32-4044-9334-4E7BBFB20980}.Release|x86.ActiveCfg = Release|Any CPU
		{AC2A2CB4-CC32-4044-9334-4E7BBFB20980}.Release|x86.Build.0 = Release|Any CPU
		{5625D106-8B75-461D-B353-B9947866284D}.Debug|Any CPU.ActiveCfg = Debug|Any CPU
		{5625D106-8B75-461D-B353-B9947866284D}.Debug|Any CPU.Build.0 = Debug|Any CPU
		{5625D106-8B75-461D-B353-B9947866284D}.Debug|x64.ActiveCfg = Debug|Any CPU
		{5625D106-8B75-461D-B353-B9947866284D}.Debug|x64.Build.0 = Debug|Any CPU
		{5625D106-8B75-461D-B353-B9947866284D}.Debug|x86.ActiveCfg = Debug|Any CPU
		{5625D106-8B75-461D-B353-B9947866284D}.Debug|x86.Build.0 = Debug|Any CPU
		{5625D106-8B75-461D-B353-B9947866284D}.Release|Any CPU.ActiveCfg = Release|Any CPU
		{5625D106-8B75-461D-B353-B9947866284D}.Release|Any CPU.Build.0 = Release|Any CPU
		{5625D106-8B75-461D-B353-B9947866284D}.Release|x64.ActiveCfg = Release|Any CPU
		{5625D106-8B75-461D-B353-B9947866284D}.Release|x64.Build.0 = Release|Any CPU
		{5625D106-8B75-461D-B353-B9947866284D}.Release|x86.ActiveCfg = Release|Any CPU
		{5625D106-8B75-461D-B353-B9947866284D}.Release|x86.Build.0 = Release|Any CPU
		{F21699B8-E940-424F-978D-6953D24C05F7}.Debug|Any CPU.ActiveCfg = Debug|Any CPU
		{F21699B8-E940-424F-978D-6953D24C05F7}.Debug|Any CPU.Build.0 = Debug|Any CPU
		{F21699B8-E940-424F-978D-6953D24C05F7}.Debug|x64.ActiveCfg = Debug|Any CPU
		{F21699B8-E940-424F-978D-6953D24C05F7}.Debug|x64.Build.0 = Debug|Any CPU
		{F21699B8-E940-424F-978D-6953D24C05F7}.Debug|x86.ActiveCfg = Debug|Any CPU
		{F21699B8-E940-424F-978D-6953D24C05F7}.Debug|x86.Build.0 = Debug|Any CPU
		{F21699B8-E940-424F-978D-6953D24C05F7}.Release|Any CPU.ActiveCfg = Release|Any CPU
		{F21699B8-E940-424F-978D-6953D24C05F7}.Release|Any CPU.Build.0 = Release|Any CPU
		{F21699B8-E940-424F-978D-6953D24C05F7}.Release|x64.ActiveCfg = Release|Any CPU
		{F21699B8-E940-424F-978D-6953D24C05F7}.Release|x64.Build.0 = Release|Any CPU
		{F21699B8-E940-424F-978D-6953D24C05F7}.Release|x86.ActiveCfg = Release|Any CPU
		{F21699B8-E940-424F-978D-6953D24C05F7}.Release|x86.Build.0 = Release|Any CPU
		{BC47B394-98B9-47A3-BD27-D6528F568F90}.Debug|Any CPU.ActiveCfg = Debug|Any CPU
		{BC47B394-98B9-47A3-BD27-D6528F568F90}.Debug|Any CPU.Build.0 = Debug|Any CPU
		{BC47B394-98B9-47A3-BD27-D6528F568F90}.Debug|x64.ActiveCfg = Debug|Any CPU
		{BC47B394-98B9-47A3-BD27-D6528F568F90}.Debug|x64.Build.0 = Debug|Any CPU
		{BC47B394-98B9-47A3-BD27-D6528F568F90}.Debug|x86.ActiveCfg = Debug|Any CPU
		{BC47B394-98B9-47A3-BD27-D6528F568F90}.Debug|x86.Build.0 = Debug|Any CPU
		{BC47B394-98B9-47A3-BD27-D6528F568F90}.Release|Any CPU.ActiveCfg = Release|Any CPU
		{BC47B394-98B9-47A3-BD27-D6528F568F90}.Release|Any CPU.Build.0 = Release|Any CPU
		{BC47B394-98B9-47A3-BD27-D6528F568F90}.Release|x64.ActiveCfg = Release|Any CPU
		{BC47B394-98B9-47A3-BD27-D6528F568F90}.Release|x64.Build.0 = Release|Any CPU
		{BC47B394-98B9-47A3-BD27-D6528F568F90}.Release|x86.ActiveCfg = Release|Any CPU
		{BC47B394-98B9-47A3-BD27-D6528F568F90}.Release|x86.Build.0 = Release|Any CPU
		{3BFC23BE-A177-49A1-B960-A877C41D0174}.Debug|Any CPU.ActiveCfg = Debug|Any CPU
		{3BFC23BE-A177-49A1-B960-A877C41D0174}.Debug|Any CPU.Build.0 = Debug|Any CPU
		{3BFC23BE-A177-49A1-B960-A877C41D0174}.Debug|x64.ActiveCfg = Debug|Any CPU
		{3BFC23BE-A177-49A1-B960-A877C41D0174}.Debug|x64.Build.0 = Debug|Any CPU
		{3BFC23BE-A177-49A1-B960-A877C41D0174}.Debug|x86.ActiveCfg = Debug|Any CPU
		{3BFC23BE-A177-49A1-B960-A877C41D0174}.Debug|x86.Build.0 = Debug|Any CPU
		{3BFC23BE-A177-49A1-B960-A877C41D0174}.Release|Any CPU.ActiveCfg = Release|Any CPU
		{3BFC23BE-A177-49A1-B960-A877C41D0174}.Release|Any CPU.Build.0 = Release|Any CPU
		{3BFC23BE-A177-49A1-B960-A877C41D0174}.Release|x64.ActiveCfg = Release|Any CPU
		{3BFC23BE-A177-49A1-B960-A877C41D0174}.Release|x64.Build.0 = Release|Any CPU
		{3BFC23BE-A177-49A1-B960-A877C41D0174}.Release|x86.ActiveCfg = Release|Any CPU
		{3BFC23BE-A177-49A1-B960-A877C41D0174}.Release|x86.Build.0 = Release|Any CPU
		{02E99D5E-F822-45BA-BB69-4EF0668EB0CA}.Debug|Any CPU.ActiveCfg = Debug|Any CPU
		{02E99D5E-F822-45BA-BB69-4EF0668EB0CA}.Debug|Any CPU.Build.0 = Debug|Any CPU
		{02E99D5E-F822-45BA-BB69-4EF0668EB0CA}.Debug|x64.ActiveCfg = Debug|Any CPU
		{02E99D5E-F822-45BA-BB69-4EF0668EB0CA}.Debug|x64.Build.0 = Debug|Any CPU
		{02E99D5E-F822-45BA-BB69-4EF0668EB0CA}.Debug|x86.ActiveCfg = Debug|Any CPU
		{02E99D5E-F822-45BA-BB69-4EF0668EB0CA}.Debug|x86.Build.0 = Debug|Any CPU
		{02E99D5E-F822-45BA-BB69-4EF0668EB0CA}.Release|Any CPU.ActiveCfg = Release|Any CPU
		{02E99D5E-F822-45BA-BB69-4EF0668EB0CA}.Release|Any CPU.Build.0 = Release|Any CPU
		{02E99D5E-F822-45BA-BB69-4EF0668EB0CA}.Release|x64.ActiveCfg = Release|Any CPU
		{02E99D5E-F822-45BA-BB69-4EF0668EB0CA}.Release|x64.Build.0 = Release|Any CPU
		{02E99D5E-F822-45BA-BB69-4EF0668EB0CA}.Release|x86.ActiveCfg = Release|Any CPU
		{02E99D5E-F822-45BA-BB69-4EF0668EB0CA}.Release|x86.Build.0 = Release|Any CPU
		{FFC97B7E-1E1B-4DDC-B854-BA807163C47C}.Debug|Any CPU.ActiveCfg = Debug|Any CPU
		{FFC97B7E-1E1B-4DDC-B854-BA807163C47C}.Debug|Any CPU.Build.0 = Debug|Any CPU
		{FFC97B7E-1E1B-4DDC-B854-BA807163C47C}.Debug|x64.ActiveCfg = Debug|Any CPU
		{FFC97B7E-1E1B-4DDC-B854-BA807163C47C}.Debug|x64.Build.0 = Debug|Any CPU
		{FFC97B7E-1E1B-4DDC-B854-BA807163C47C}.Debug|x86.ActiveCfg = Debug|Any CPU
		{FFC97B7E-1E1B-4DDC-B854-BA807163C47C}.Debug|x86.Build.0 = Debug|Any CPU
		{FFC97B7E-1E1B-4DDC-B854-BA807163C47C}.Release|Any CPU.ActiveCfg = Release|Any CPU
		{FFC97B7E-1E1B-4DDC-B854-BA807163C47C}.Release|Any CPU.Build.0 = Release|Any CPU
		{FFC97B7E-1E1B-4DDC-B854-BA807163C47C}.Release|x64.ActiveCfg = Release|Any CPU
		{FFC97B7E-1E1B-4DDC-B854-BA807163C47C}.Release|x64.Build.0 = Release|Any CPU
		{FFC97B7E-1E1B-4DDC-B854-BA807163C47C}.Release|x86.ActiveCfg = Release|Any CPU
		{FFC97B7E-1E1B-4DDC-B854-BA807163C47C}.Release|x86.Build.0 = Release|Any CPU
		{F9BDD6E3-A8B4-4E0D-88EC-9CA676E3FAC6}.Debug|Any CPU.ActiveCfg = Debug|Any CPU
		{F9BDD6E3-A8B4-4E0D-88EC-9CA676E3FAC6}.Debug|Any CPU.Build.0 = Debug|Any CPU
		{F9BDD6E3-A8B4-4E0D-88EC-9CA676E3FAC6}.Debug|x64.ActiveCfg = Debug|Any CPU
		{F9BDD6E3-A8B4-4E0D-88EC-9CA676E3FAC6}.Debug|x64.Build.0 = Debug|Any CPU
		{F9BDD6E3-A8B4-4E0D-88EC-9CA676E3FAC6}.Debug|x86.ActiveCfg = Debug|Any CPU
		{F9BDD6E3-A8B4-4E0D-88EC-9CA676E3FAC6}.Debug|x86.Build.0 = Debug|Any CPU
		{F9BDD6E3-A8B4-4E0D-88EC-9CA676E3FAC6}.Release|Any CPU.ActiveCfg = Release|Any CPU
		{F9BDD6E3-A8B4-4E0D-88EC-9CA676E3FAC6}.Release|Any CPU.Build.0 = Release|Any CPU
		{F9BDD6E3-A8B4-4E0D-88EC-9CA676E3FAC6}.Release|x64.ActiveCfg = Release|Any CPU
		{F9BDD6E3-A8B4-4E0D-88EC-9CA676E3FAC6}.Release|x64.Build.0 = Release|Any CPU
		{F9BDD6E3-A8B4-4E0D-88EC-9CA676E3FAC6}.Release|x86.ActiveCfg = Release|Any CPU
		{F9BDD6E3-A8B4-4E0D-88EC-9CA676E3FAC6}.Release|x86.Build.0 = Release|Any CPU
		{61C7E398-D816-4D01-870A-1B38C7F409A6}.Debug|Any CPU.ActiveCfg = Debug|Any CPU
		{61C7E398-D816-4D01-870A-1B38C7F409A6}.Debug|Any CPU.Build.0 = Debug|Any CPU
		{61C7E398-D816-4D01-870A-1B38C7F409A6}.Debug|x64.ActiveCfg = Debug|Any CPU
		{61C7E398-D816-4D01-870A-1B38C7F409A6}.Debug|x64.Build.0 = Debug|Any CPU
		{61C7E398-D816-4D01-870A-1B38C7F409A6}.Debug|x86.ActiveCfg = Debug|Any CPU
		{61C7E398-D816-4D01-870A-1B38C7F409A6}.Debug|x86.Build.0 = Debug|Any CPU
		{61C7E398-D816-4D01-870A-1B38C7F409A6}.Release|Any CPU.ActiveCfg = Release|Any CPU
		{61C7E398-D816-4D01-870A-1B38C7F409A6}.Release|Any CPU.Build.0 = Release|Any CPU
		{61C7E398-D816-4D01-870A-1B38C7F409A6}.Release|x64.ActiveCfg = Release|Any CPU
		{61C7E398-D816-4D01-870A-1B38C7F409A6}.Release|x64.Build.0 = Release|Any CPU
		{61C7E398-D816-4D01-870A-1B38C7F409A6}.Release|x86.ActiveCfg = Release|Any CPU
		{61C7E398-D816-4D01-870A-1B38C7F409A6}.Release|x86.Build.0 = Release|Any CPU
		{AE6C1EE0-EFC4-4F77-98C1-2C7EFC380A0B}.Debug|Any CPU.ActiveCfg = Debug|Any CPU
		{AE6C1EE0-EFC4-4F77-98C1-2C7EFC380A0B}.Debug|Any CPU.Build.0 = Debug|Any CPU
		{AE6C1EE0-EFC4-4F77-98C1-2C7EFC380A0B}.Debug|x64.ActiveCfg = Debug|Any CPU
		{AE6C1EE0-EFC4-4F77-98C1-2C7EFC380A0B}.Debug|x64.Build.0 = Debug|Any CPU
		{AE6C1EE0-EFC4-4F77-98C1-2C7EFC380A0B}.Debug|x86.ActiveCfg = Debug|Any CPU
		{AE6C1EE0-EFC4-4F77-98C1-2C7EFC380A0B}.Debug|x86.Build.0 = Debug|Any CPU
		{AE6C1EE0-EFC4-4F77-98C1-2C7EFC380A0B}.Release|Any CPU.ActiveCfg = Release|Any CPU
		{AE6C1EE0-EFC4-4F77-98C1-2C7EFC380A0B}.Release|Any CPU.Build.0 = Release|Any CPU
		{AE6C1EE0-EFC4-4F77-98C1-2C7EFC380A0B}.Release|x64.ActiveCfg = Release|Any CPU
		{AE6C1EE0-EFC4-4F77-98C1-2C7EFC380A0B}.Release|x64.Build.0 = Release|Any CPU
		{AE6C1EE0-EFC4-4F77-98C1-2C7EFC380A0B}.Release|x86.ActiveCfg = Release|Any CPU
		{AE6C1EE0-EFC4-4F77-98C1-2C7EFC380A0B}.Release|x86.Build.0 = Release|Any CPU
		{381CD177-5961-48C7-97CE-B77D53D95D07}.Debug|Any CPU.ActiveCfg = Debug|Any CPU
		{381CD177-5961-48C7-97CE-B77D53D95D07}.Debug|Any CPU.Build.0 = Debug|Any CPU
		{381CD177-5961-48C7-97CE-B77D53D95D07}.Debug|x64.ActiveCfg = Debug|Any CPU
		{381CD177-5961-48C7-97CE-B77D53D95D07}.Debug|x64.Build.0 = Debug|Any CPU
		{381CD177-5961-48C7-97CE-B77D53D95D07}.Debug|x86.ActiveCfg = Debug|Any CPU
		{381CD177-5961-48C7-97CE-B77D53D95D07}.Debug|x86.Build.0 = Debug|Any CPU
		{381CD177-5961-48C7-97CE-B77D53D95D07}.Release|Any CPU.ActiveCfg = Release|Any CPU
		{381CD177-5961-48C7-97CE-B77D53D95D07}.Release|Any CPU.Build.0 = Release|Any CPU
		{381CD177-5961-48C7-97CE-B77D53D95D07}.Release|x64.ActiveCfg = Release|Any CPU
		{381CD177-5961-48C7-97CE-B77D53D95D07}.Release|x64.Build.0 = Release|Any CPU
		{381CD177-5961-48C7-97CE-B77D53D95D07}.Release|x86.ActiveCfg = Release|Any CPU
		{381CD177-5961-48C7-97CE-B77D53D95D07}.Release|x86.Build.0 = Release|Any CPU
		{ECA7BB7B-335F-4D45-AABB-47C1C8B326A7}.Debug|Any CPU.ActiveCfg = Debug|Any CPU
		{ECA7BB7B-335F-4D45-AABB-47C1C8B326A7}.Debug|Any CPU.Build.0 = Debug|Any CPU
		{ECA7BB7B-335F-4D45-AABB-47C1C8B326A7}.Debug|x64.ActiveCfg = Debug|Any CPU
		{ECA7BB7B-335F-4D45-AABB-47C1C8B326A7}.Debug|x64.Build.0 = Debug|Any CPU
		{ECA7BB7B-335F-4D45-AABB-47C1C8B326A7}.Debug|x86.ActiveCfg = Debug|Any CPU
		{ECA7BB7B-335F-4D45-AABB-47C1C8B326A7}.Debug|x86.Build.0 = Debug|Any CPU
		{ECA7BB7B-335F-4D45-AABB-47C1C8B326A7}.Release|Any CPU.ActiveCfg = Release|Any CPU
		{ECA7BB7B-335F-4D45-AABB-47C1C8B326A7}.Release|Any CPU.Build.0 = Release|Any CPU
		{ECA7BB7B-335F-4D45-AABB-47C1C8B326A7}.Release|x64.ActiveCfg = Release|Any CPU
		{ECA7BB7B-335F-4D45-AABB-47C1C8B326A7}.Release|x64.Build.0 = Release|Any CPU
		{ECA7BB7B-335F-4D45-AABB-47C1C8B326A7}.Release|x86.ActiveCfg = Release|Any CPU
		{ECA7BB7B-335F-4D45-AABB-47C1C8B326A7}.Release|x86.Build.0 = Release|Any CPU
		{1E41F597-014D-404C-89BE-2FCA292A48A6}.Debug|Any CPU.ActiveCfg = Debug|Any CPU
		{1E41F597-014D-404C-89BE-2FCA292A48A6}.Debug|Any CPU.Build.0 = Debug|Any CPU
		{1E41F597-014D-404C-89BE-2FCA292A48A6}.Debug|x64.ActiveCfg = Debug|Any CPU
		{1E41F597-014D-404C-89BE-2FCA292A48A6}.Debug|x64.Build.0 = Debug|Any CPU
		{1E41F597-014D-404C-89BE-2FCA292A48A6}.Debug|x86.ActiveCfg = Debug|Any CPU
		{1E41F597-014D-404C-89BE-2FCA292A48A6}.Debug|x86.Build.0 = Debug|Any CPU
		{1E41F597-014D-404C-89BE-2FCA292A48A6}.Release|Any CPU.ActiveCfg = Release|Any CPU
		{1E41F597-014D-404C-89BE-2FCA292A48A6}.Release|Any CPU.Build.0 = Release|Any CPU
		{1E41F597-014D-404C-89BE-2FCA292A48A6}.Release|x64.ActiveCfg = Release|Any CPU
		{1E41F597-014D-404C-89BE-2FCA292A48A6}.Release|x64.Build.0 = Release|Any CPU
		{1E41F597-014D-404C-89BE-2FCA292A48A6}.Release|x86.ActiveCfg = Release|Any CPU
		{1E41F597-014D-404C-89BE-2FCA292A48A6}.Release|x86.Build.0 = Release|Any CPU
		{C34A1011-6C3A-4ACA-9DA8-2F9EF2CE0416}.Debug|Any CPU.ActiveCfg = Debug|Any CPU
		{C34A1011-6C3A-4ACA-9DA8-2F9EF2CE0416}.Debug|Any CPU.Build.0 = Debug|Any CPU
		{C34A1011-6C3A-4ACA-9DA8-2F9EF2CE0416}.Debug|x64.ActiveCfg = Debug|Any CPU
		{C34A1011-6C3A-4ACA-9DA8-2F9EF2CE0416}.Debug|x64.Build.0 = Debug|Any CPU
		{C34A1011-6C3A-4ACA-9DA8-2F9EF2CE0416}.Debug|x86.ActiveCfg = Debug|Any CPU
		{C34A1011-6C3A-4ACA-9DA8-2F9EF2CE0416}.Debug|x86.Build.0 = Debug|Any CPU
		{C34A1011-6C3A-4ACA-9DA8-2F9EF2CE0416}.Release|Any CPU.ActiveCfg = Release|Any CPU
		{C34A1011-6C3A-4ACA-9DA8-2F9EF2CE0416}.Release|Any CPU.Build.0 = Release|Any CPU
		{C34A1011-6C3A-4ACA-9DA8-2F9EF2CE0416}.Release|x64.ActiveCfg = Release|Any CPU
		{C34A1011-6C3A-4ACA-9DA8-2F9EF2CE0416}.Release|x64.Build.0 = Release|Any CPU
		{C34A1011-6C3A-4ACA-9DA8-2F9EF2CE0416}.Release|x86.ActiveCfg = Release|Any CPU
		{C34A1011-6C3A-4ACA-9DA8-2F9EF2CE0416}.Release|x86.Build.0 = Release|Any CPU
		{EEE06DF9-F7FF-4E3F-905F-9CFB3B3A234F}.Debug|Any CPU.ActiveCfg = Debug|Any CPU
		{EEE06DF9-F7FF-4E3F-905F-9CFB3B3A234F}.Debug|Any CPU.Build.0 = Debug|Any CPU
		{EEE06DF9-F7FF-4E3F-905F-9CFB3B3A234F}.Debug|x64.ActiveCfg = Debug|Any CPU
		{EEE06DF9-F7FF-4E3F-905F-9CFB3B3A234F}.Debug|x64.Build.0 = Debug|Any CPU
		{EEE06DF9-F7FF-4E3F-905F-9CFB3B3A234F}.Debug|x86.ActiveCfg = Debug|Any CPU
		{EEE06DF9-F7FF-4E3F-905F-9CFB3B3A234F}.Debug|x86.Build.0 = Debug|Any CPU
		{EEE06DF9-F7FF-4E3F-905F-9CFB3B3A234F}.Release|Any CPU.ActiveCfg = Release|Any CPU
		{EEE06DF9-F7FF-4E3F-905F-9CFB3B3A234F}.Release|Any CPU.Build.0 = Release|Any CPU
		{EEE06DF9-F7FF-4E3F-905F-9CFB3B3A234F}.Release|x64.ActiveCfg = Release|Any CPU
		{EEE06DF9-F7FF-4E3F-905F-9CFB3B3A234F}.Release|x64.Build.0 = Release|Any CPU
		{EEE06DF9-F7FF-4E3F-905F-9CFB3B3A234F}.Release|x86.ActiveCfg = Release|Any CPU
		{EEE06DF9-F7FF-4E3F-905F-9CFB3B3A234F}.Release|x86.Build.0 = Release|Any CPU
		{AB1F1257-4547-443A-BB34-E438A4A4E105}.Debug|Any CPU.ActiveCfg = Debug|Any CPU
		{AB1F1257-4547-443A-BB34-E438A4A4E105}.Debug|Any CPU.Build.0 = Debug|Any CPU
		{AB1F1257-4547-443A-BB34-E438A4A4E105}.Debug|x64.ActiveCfg = Debug|Any CPU
		{AB1F1257-4547-443A-BB34-E438A4A4E105}.Debug|x64.Build.0 = Debug|Any CPU
		{AB1F1257-4547-443A-BB34-E438A4A4E105}.Debug|x86.ActiveCfg = Debug|Any CPU
		{AB1F1257-4547-443A-BB34-E438A4A4E105}.Debug|x86.Build.0 = Debug|Any CPU
		{AB1F1257-4547-443A-BB34-E438A4A4E105}.Release|Any CPU.ActiveCfg = Release|Any CPU
		{AB1F1257-4547-443A-BB34-E438A4A4E105}.Release|Any CPU.Build.0 = Release|Any CPU
		{AB1F1257-4547-443A-BB34-E438A4A4E105}.Release|x64.ActiveCfg = Release|Any CPU
		{AB1F1257-4547-443A-BB34-E438A4A4E105}.Release|x64.Build.0 = Release|Any CPU
		{AB1F1257-4547-443A-BB34-E438A4A4E105}.Release|x86.ActiveCfg = Release|Any CPU
		{AB1F1257-4547-443A-BB34-E438A4A4E105}.Release|x86.Build.0 = Release|Any CPU
		{FC81DF23-7380-4E83-B33D-46592928328C}.Debug|Any CPU.ActiveCfg = Debug|Any CPU
		{FC81DF23-7380-4E83-B33D-46592928328C}.Debug|Any CPU.Build.0 = Debug|Any CPU
		{FC81DF23-7380-4E83-B33D-46592928328C}.Debug|x64.ActiveCfg = Debug|Any CPU
		{FC81DF23-7380-4E83-B33D-46592928328C}.Debug|x64.Build.0 = Debug|Any CPU
		{FC81DF23-7380-4E83-B33D-46592928328C}.Debug|x86.ActiveCfg = Debug|Any CPU
		{FC81DF23-7380-4E83-B33D-46592928328C}.Debug|x86.Build.0 = Debug|Any CPU
		{FC81DF23-7380-4E83-B33D-46592928328C}.Release|Any CPU.ActiveCfg = Release|Any CPU
		{FC81DF23-7380-4E83-B33D-46592928328C}.Release|Any CPU.Build.0 = Release|Any CPU
		{FC81DF23-7380-4E83-B33D-46592928328C}.Release|x64.ActiveCfg = Release|Any CPU
		{FC81DF23-7380-4E83-B33D-46592928328C}.Release|x64.Build.0 = Release|Any CPU
		{FC81DF23-7380-4E83-B33D-46592928328C}.Release|x86.ActiveCfg = Release|Any CPU
		{FC81DF23-7380-4E83-B33D-46592928328C}.Release|x86.Build.0 = Release|Any CPU
		{EC157660-3DD8-45D8-869B-EB37ECC69FB2}.Debug|Any CPU.ActiveCfg = Debug|Any CPU
		{EC157660-3DD8-45D8-869B-EB37ECC69FB2}.Debug|Any CPU.Build.0 = Debug|Any CPU
		{EC157660-3DD8-45D8-869B-EB37ECC69FB2}.Debug|x64.ActiveCfg = Debug|Any CPU
		{EC157660-3DD8-45D8-869B-EB37ECC69FB2}.Debug|x64.Build.0 = Debug|Any CPU
		{EC157660-3DD8-45D8-869B-EB37ECC69FB2}.Debug|x86.ActiveCfg = Debug|Any CPU
		{EC157660-3DD8-45D8-869B-EB37ECC69FB2}.Debug|x86.Build.0 = Debug|Any CPU
		{EC157660-3DD8-45D8-869B-EB37ECC69FB2}.Release|Any CPU.ActiveCfg = Release|Any CPU
		{EC157660-3DD8-45D8-869B-EB37ECC69FB2}.Release|Any CPU.Build.0 = Release|Any CPU
		{EC157660-3DD8-45D8-869B-EB37ECC69FB2}.Release|x64.ActiveCfg = Release|Any CPU
		{EC157660-3DD8-45D8-869B-EB37ECC69FB2}.Release|x64.Build.0 = Release|Any CPU
		{EC157660-3DD8-45D8-869B-EB37ECC69FB2}.Release|x86.ActiveCfg = Release|Any CPU
		{EC157660-3DD8-45D8-869B-EB37ECC69FB2}.Release|x86.Build.0 = Release|Any CPU
		{AFC2303E-1E34-4C2E-A5EC-2A4BE9DD5083}.Debug|Any CPU.ActiveCfg = Debug|Any CPU
		{AFC2303E-1E34-4C2E-A5EC-2A4BE9DD5083}.Debug|Any CPU.Build.0 = Debug|Any CPU
		{AFC2303E-1E34-4C2E-A5EC-2A4BE9DD5083}.Debug|x64.ActiveCfg = Debug|Any CPU
		{AFC2303E-1E34-4C2E-A5EC-2A4BE9DD5083}.Debug|x64.Build.0 = Debug|Any CPU
		{AFC2303E-1E34-4C2E-A5EC-2A4BE9DD5083}.Debug|x86.ActiveCfg = Debug|Any CPU
		{AFC2303E-1E34-4C2E-A5EC-2A4BE9DD5083}.Debug|x86.Build.0 = Debug|Any CPU
		{AFC2303E-1E34-4C2E-A5EC-2A4BE9DD5083}.Release|Any CPU.ActiveCfg = Release|Any CPU
		{AFC2303E-1E34-4C2E-A5EC-2A4BE9DD5083}.Release|Any CPU.Build.0 = Release|Any CPU
		{AFC2303E-1E34-4C2E-A5EC-2A4BE9DD5083}.Release|x64.ActiveCfg = Release|Any CPU
		{AFC2303E-1E34-4C2E-A5EC-2A4BE9DD5083}.Release|x64.Build.0 = Release|Any CPU
		{AFC2303E-1E34-4C2E-A5EC-2A4BE9DD5083}.Release|x86.ActiveCfg = Release|Any CPU
		{AFC2303E-1E34-4C2E-A5EC-2A4BE9DD5083}.Release|x86.Build.0 = Release|Any CPU
		{A6C4FE5B-DB19-428C-9457-67C7181A3860}.Debug|Any CPU.ActiveCfg = Debug|Any CPU
		{A6C4FE5B-DB19-428C-9457-67C7181A3860}.Debug|Any CPU.Build.0 = Debug|Any CPU
		{A6C4FE5B-DB19-428C-9457-67C7181A3860}.Debug|x64.ActiveCfg = Debug|Any CPU
		{A6C4FE5B-DB19-428C-9457-67C7181A3860}.Debug|x64.Build.0 = Debug|Any CPU
		{A6C4FE5B-DB19-428C-9457-67C7181A3860}.Debug|x86.ActiveCfg = Debug|Any CPU
		{A6C4FE5B-DB19-428C-9457-67C7181A3860}.Debug|x86.Build.0 = Debug|Any CPU
		{A6C4FE5B-DB19-428C-9457-67C7181A3860}.Release|Any CPU.ActiveCfg = Release|Any CPU
		{A6C4FE5B-DB19-428C-9457-67C7181A3860}.Release|Any CPU.Build.0 = Release|Any CPU
		{A6C4FE5B-DB19-428C-9457-67C7181A3860}.Release|x64.ActiveCfg = Release|Any CPU
		{A6C4FE5B-DB19-428C-9457-67C7181A3860}.Release|x64.Build.0 = Release|Any CPU
		{A6C4FE5B-DB19-428C-9457-67C7181A3860}.Release|x86.ActiveCfg = Release|Any CPU
		{A6C4FE5B-DB19-428C-9457-67C7181A3860}.Release|x86.Build.0 = Release|Any CPU
		{81C902E7-A1E5-4615-8651-C1F955A3C2C4}.Debug|Any CPU.ActiveCfg = Debug|Any CPU
		{81C902E7-A1E5-4615-8651-C1F955A3C2C4}.Debug|Any CPU.Build.0 = Debug|Any CPU
		{81C902E7-A1E5-4615-8651-C1F955A3C2C4}.Debug|x64.ActiveCfg = Debug|Any CPU
		{81C902E7-A1E5-4615-8651-C1F955A3C2C4}.Debug|x64.Build.0 = Debug|Any CPU
		{81C902E7-A1E5-4615-8651-C1F955A3C2C4}.Debug|x86.ActiveCfg = Debug|Any CPU
		{81C902E7-A1E5-4615-8651-C1F955A3C2C4}.Debug|x86.Build.0 = Debug|Any CPU
		{81C902E7-A1E5-4615-8651-C1F955A3C2C4}.Release|Any CPU.ActiveCfg = Release|Any CPU
		{81C902E7-A1E5-4615-8651-C1F955A3C2C4}.Release|Any CPU.Build.0 = Release|Any CPU
		{81C902E7-A1E5-4615-8651-C1F955A3C2C4}.Release|x64.ActiveCfg = Release|Any CPU
		{81C902E7-A1E5-4615-8651-C1F955A3C2C4}.Release|x64.Build.0 = Release|Any CPU
		{81C902E7-A1E5-4615-8651-C1F955A3C2C4}.Release|x86.ActiveCfg = Release|Any CPU
		{81C902E7-A1E5-4615-8651-C1F955A3C2C4}.Release|x86.Build.0 = Release|Any CPU
		{AAFB62E6-F2A5-49D6-908D-F116D875319F}.Debug|Any CPU.ActiveCfg = Debug|Any CPU
		{AAFB62E6-F2A5-49D6-908D-F116D875319F}.Debug|Any CPU.Build.0 = Debug|Any CPU
		{AAFB62E6-F2A5-49D6-908D-F116D875319F}.Debug|x64.ActiveCfg = Debug|Any CPU
		{AAFB62E6-F2A5-49D6-908D-F116D875319F}.Debug|x64.Build.0 = Debug|Any CPU
		{AAFB62E6-F2A5-49D6-908D-F116D875319F}.Debug|x86.ActiveCfg = Debug|Any CPU
		{AAFB62E6-F2A5-49D6-908D-F116D875319F}.Debug|x86.Build.0 = Debug|Any CPU
		{AAFB62E6-F2A5-49D6-908D-F116D875319F}.Release|Any CPU.ActiveCfg = Release|Any CPU
		{AAFB62E6-F2A5-49D6-908D-F116D875319F}.Release|Any CPU.Build.0 = Release|Any CPU
		{AAFB62E6-F2A5-49D6-908D-F116D875319F}.Release|x64.ActiveCfg = Release|Any CPU
		{AAFB62E6-F2A5-49D6-908D-F116D875319F}.Release|x64.Build.0 = Release|Any CPU
		{AAFB62E6-F2A5-49D6-908D-F116D875319F}.Release|x86.ActiveCfg = Release|Any CPU
		{AAFB62E6-F2A5-49D6-908D-F116D875319F}.Release|x86.Build.0 = Release|Any CPU
		{FCC00F55-65C5-47CF-AD5B-5A09319FD8CF}.Debug|Any CPU.ActiveCfg = Debug|Any CPU
		{FCC00F55-65C5-47CF-AD5B-5A09319FD8CF}.Debug|Any CPU.Build.0 = Debug|Any CPU
		{FCC00F55-65C5-47CF-AD5B-5A09319FD8CF}.Debug|x64.ActiveCfg = Debug|Any CPU
		{FCC00F55-65C5-47CF-AD5B-5A09319FD8CF}.Debug|x64.Build.0 = Debug|Any CPU
		{FCC00F55-65C5-47CF-AD5B-5A09319FD8CF}.Debug|x86.ActiveCfg = Debug|Any CPU
		{FCC00F55-65C5-47CF-AD5B-5A09319FD8CF}.Debug|x86.Build.0 = Debug|Any CPU
		{FCC00F55-65C5-47CF-AD5B-5A09319FD8CF}.Release|Any CPU.ActiveCfg = Release|Any CPU
		{FCC00F55-65C5-47CF-AD5B-5A09319FD8CF}.Release|Any CPU.Build.0 = Release|Any CPU
		{FCC00F55-65C5-47CF-AD5B-5A09319FD8CF}.Release|x64.ActiveCfg = Release|Any CPU
		{FCC00F55-65C5-47CF-AD5B-5A09319FD8CF}.Release|x64.Build.0 = Release|Any CPU
		{FCC00F55-65C5-47CF-AD5B-5A09319FD8CF}.Release|x86.ActiveCfg = Release|Any CPU
		{FCC00F55-65C5-47CF-AD5B-5A09319FD8CF}.Release|x86.Build.0 = Release|Any CPU
	EndGlobalSection
	GlobalSection(SolutionProperties) = preSolution
		HideSolutionNode = FALSE
	EndGlobalSection
	GlobalSection(NestedProjects) = preSolution
		{9D07BD86-CA68-417D-92F7-66095E529AA6} = {0AB3BF05-4346-4AA6-1389-037BE0695223}
		{984BB9B3-3FA3-BE33-9484-CAC21695A33C} = {827E0CD3-B72D-47B6-A68D-7590B98EB39B}
		{D3BAB01C-7F3F-8576-96BE-8BE70C9B9915} = {984BB9B3-3FA3-BE33-9484-CAC21695A33C}
		{09B35DC1-E25C-4ECB-BA15-3097408FB278} = {D3BAB01C-7F3F-8576-96BE-8BE70C9B9915}
		{90298CBA-BD6F-3A0A-69D5-97CAD7B05E7E} = {827E0CD3-B72D-47B6-A68D-7590B98EB39B}
		{AC2A2CB4-CC32-4044-9334-4E7BBFB20980} = {90298CBA-BD6F-3A0A-69D5-97CAD7B05E7E}
		{CA15E31E-CB60-F235-5CDF-2E527A86A72C} = {984BB9B3-3FA3-BE33-9484-CAC21695A33C}
		{5625D106-8B75-461D-B353-B9947866284D} = {CA15E31E-CB60-F235-5CDF-2E527A86A72C}
		{3FB03296-F262-2760-9861-73C41AF3766C} = {984BB9B3-3FA3-BE33-9484-CAC21695A33C}
		{F21699B8-E940-424F-978D-6953D24C05F7} = {3FB03296-F262-2760-9861-73C41AF3766C}
		{FE5F7021-A3C9-35C7-FF50-8DA81625868E} = {827E0CD3-B72D-47B6-A68D-7590B98EB39B}
		{BC47B394-98B9-47A3-BD27-D6528F568F90} = {FE5F7021-A3C9-35C7-FF50-8DA81625868E}
		{3BFC23BE-A177-49A1-B960-A877C41D0174} = {90298CBA-BD6F-3A0A-69D5-97CAD7B05E7E}
		{02E99D5E-F822-45BA-BB69-4EF0668EB0CA} = {A73F2606-6D4C-3EEE-1759-0E59DCFEF523}
		{FFC97B7E-1E1B-4DDC-B854-BA807163C47C} = {3FB03296-F262-2760-9861-73C41AF3766C}
		{F9BDD6E3-A8B4-4E0D-88EC-9CA676E3FAC6} = {3FB03296-F262-2760-9861-73C41AF3766C}
		{61C7E398-D816-4D01-870A-1B38C7F409A6} = {CA15E31E-CB60-F235-5CDF-2E527A86A72C}
		{AE6C1EE0-EFC4-4F77-98C1-2C7EFC380A0B} = {CA15E31E-CB60-F235-5CDF-2E527A86A72C}
		{6306A8FB-679E-111F-6585-8F70E0EE6013} = {827E0CD3-B72D-47B6-A68D-7590B98EB39B}
		{381CD177-5961-48C7-97CE-B77D53D95D07} = {6306A8FB-679E-111F-6585-8F70E0EE6013}
		{C91C1CF1-1625-0789-F869-53D87D6277BA} = {984BB9B3-3FA3-BE33-9484-CAC21695A33C}
		{ECA7BB7B-335F-4D45-AABB-47C1C8B326A7} = {C91C1CF1-1625-0789-F869-53D87D6277BA}
		{1E41F597-014D-404C-89BE-2FCA292A48A6} = {C91C1CF1-1625-0789-F869-53D87D6277BA}
		{C34A1011-6C3A-4ACA-9DA8-2F9EF2CE0416} = {C91C1CF1-1625-0789-F869-53D87D6277BA}
		{EEE06DF9-F7FF-4E3F-905F-9CFB3B3A234F} = {3FB03296-F262-2760-9861-73C41AF3766C}
		{6C0557C3-B1C9-A54D-46F8-F4FBBDE30E30} = {984BB9B3-3FA3-BE33-9484-CAC21695A33C}
		{AB1F1257-4547-443A-BB34-E438A4A4E105} = {6C0557C3-B1C9-A54D-46F8-F4FBBDE30E30}
		{FC81DF23-7380-4E83-B33D-46592928328C} = {6C0557C3-B1C9-A54D-46F8-F4FBBDE30E30}
		{EC157660-3DD8-45D8-869B-EB37ECC69FB2} = {CA15E31E-CB60-F235-5CDF-2E527A86A72C}
		{AFC2303E-1E34-4C2E-A5EC-2A4BE9DD5083} = {6C0557C3-B1C9-A54D-46F8-F4FBBDE30E30}
		{A6C4FE5B-DB19-428C-9457-67C7181A3860} = {C91C1CF1-1625-0789-F869-53D87D6277BA}
		{81C902E7-A1E5-4615-8651-C1F955A3C2C4} = {D3BAB01C-7F3F-8576-96BE-8BE70C9B9915}
		{AAFB62E6-F2A5-49D6-908D-F116D875319F} = {D3BAB01C-7F3F-8576-96BE-8BE70C9B9915}
		{FCC00F55-65C5-47CF-AD5B-5A09319FD8CF} = {D3BAB01C-7F3F-8576-96BE-8BE70C9B9915}
	EndGlobalSection
EndGlobal
